
Microsoft Visual Studio Solution File, Format Version 12.00
# Visual Studio Version 17
VisualStudioVersion = 17.14.36429.23 d17.14
MinimumVisualStudioVersion = 10.0.40219.1
Project("{FAE04EC0-301F-11D3-BF4B-00C04F79EFBC}") = "Laboratorio7", "Laboratorio7\Laboratorio7.csproj", "{D4575B46-564D-4639-B725-9C6E5F8DD7E2}"
EndProject
Project("{FAE04EC0-301F-11D3-BF4B-00C04F79EFBC}") = "Laboratorio72", "Laboratorio72\Laboratorio72.csproj", "{6007EABD-4E2F-4CBD-A05F-3D892F713975}"
EndProject
Global
	GlobalSection(SolutionConfigurationPlatforms) = preSolution
		Debug|Any CPU = Debug|Any CPU
		Release|Any CPU = Release|Any CPU
	EndGlobalSection
	GlobalSection(ProjectConfigurationPlatforms) = postSolution
		{D4575B46-564D-4639-B725-9C6E5F8DD7E2}.Debug|Any CPU.ActiveCfg = Debug|Any CPU
		{D4575B46-564D-4639-B725-9C6E5F8DD7E2}.Debug|Any CPU.Build.0 = Debug|Any CPU
		{D4575B46-564D-4639-B725-9C6E5F8DD7E2}.Release|Any CPU.ActiveCfg = Release|Any CPU
		{D4575B46-564D-4639-B725-9C6E5F8DD7E2}.Release|Any CPU.Build.0 = Release|Any CPU
		{6007EABD-4E2F-4CBD-A05F-3D892F713975}.Debug|Any CPU.ActiveCfg = Debug|Any CPU
		{6007EABD-4E2F-4CBD-A05F-3D892F713975}.Debug|Any CPU.Build.0 = Debug|Any CPU
		{6007EABD-4E2F-4CBD-A05F-3D892F713975}.Release|Any CPU.ActiveCfg = Release|Any CPU
		{6007EABD-4E2F-4CBD-A05F-3D892F713975}.Release|Any CPU.Build.0 = Release|Any CPU
	EndGlobalSection
	GlobalSection(SolutionProperties) = preSolution
		HideSolutionNode = FALSE
	EndGlobalSection
	GlobalSection(ExtensibilityGlobals) = postSolution
		SolutionGuid = {8913BED5-FF5D-4A49-ABA3-5DC4CDCF3BE4}
	EndGlobalSection
EndGlobal
