
Microsoft Visual Studio Solution File, Format Version 12.00
# Visual Studio Version 17
VisualStudioVersion = 17.14.36603.0 d17.14
MinimumVisualStudioVersion = 10.0.40219.1
Project("{FAE04EC0-301F-11D3-BF4B-00C04F79EFBC}") = "Laboratorio17", "Laboratorio17\Laboratorio17.csproj", "{4489A813-7196-4F83-8EBB-682140C231C4}"
EndProject
Global
	GlobalSection(SolutionConfigurationPlatforms) = preSolution
		Debug|Any CPU = Debug|Any CPU
		Release|Any CPU = Release|Any CPU
	EndGlobalSection
	GlobalSection(ProjectConfigurationPlatforms) = postSolution
		{4489A813-7196-4F83-8EBB-682140C231C4}.Debug|Any CPU.ActiveCfg = Debug|Any CPU
		{4489A813-7196-4F83-8EBB-682140C231C4}.Debug|Any CPU.Build.0 = Debug|Any CPU
		{4489A813-7196-4F83-8EBB-682140C231C4}.Release|Any CPU.ActiveCfg = Release|Any CPU
		{4489A813-7196-4F83-8EBB-682140C231C4}.Release|Any CPU.Build.0 = Release|Any CPU
	EndGlobalSection
	GlobalSection(SolutionProperties) = preSolution
		HideSolutionNode = FALSE
	EndGlobalSection
	GlobalSection(ExtensibilityGlobals) = postSolution
		SolutionGuid = {232DFF5C-2BE6-4BB1-9E65-7C6BD797B15A}
	EndGlobalSection
EndGlobal
