
Microsoft Visual Studio Solution File, Format Version 12.00
# Visual Studio Version 17
VisualStudioVersion = 17.14.36414.22 d17.14
MinimumVisualStudioVersion = 10.0.40219.1
Project("{FAE04EC0-301F-11D3-BF4B-00C04F79EFBC}") = "Laboratorio9", "Laboratorio9\Laboratorio9.csproj", "{20992DCC-596A-4E2D-A2D6-16937A7D6714}"
EndProject
Project("{FAE04EC0-301F-11D3-BF4B-00C04F79EFBC}") = "Laboratorio92", "Laboratorio92\Laboratorio92.csproj", "{F7879077-63AF-4695-9925-98858AAE0AC0}"
EndProject
Project("{FAE04EC0-301F-11D3-BF4B-00C04F79EFBC}") = "Laboratorio93", "Laboratorio93\Laboratorio93.csproj", "{4E501F59-E67A-4752-9969-27793BB4E7B1}"
EndProject
Project("{FAE04EC0-301F-11D3-BF4B-00C04F79EFBC}") = "Laboratorio94", "Laboratorio94\Laboratorio94.csproj", "{1A587777-3019-4A89-8D3F-6984227480CC}"
EndProject
Project("{FAE04EC0-301F-11D3-BF4B-00C04F79EFBC}") = "Laboratorio95", "Laboratorio95\Laboratorio95.csproj", "{352654B5-5984-457B-97A1-26ABB56A505C}"
EndProject
Global
	GlobalSection(SolutionConfigurationPlatforms) = preSolution
		Debug|Any CPU = Debug|Any CPU
		Release|Any CPU = Release|Any CPU
	EndGlobalSection
	GlobalSection(ProjectConfigurationPlatforms) = postSolution
		{20992DCC-596A-4E2D-A2D6-16937A7D6714}.Debug|Any CPU.ActiveCfg = Debug|Any CPU
		{20992DCC-596A-4E2D-A2D6-16937A7D6714}.Debug|Any CPU.Build.0 = Debug|Any CPU
		{20992DCC-596A-4E2D-A2D6-16937A7D6714}.Release|Any CPU.ActiveCfg = Release|Any CPU
		{20992DCC-596A-4E2D-A2D6-16937A7D6714}.Release|Any CPU.Build.0 = Release|Any CPU
		{F7879077-63AF-4695-9925-98858AAE0AC0}.Debug|Any CPU.ActiveCfg = Debug|Any CPU
		{F7879077-63AF-4695-9925-98858AAE0AC0}.Debug|Any CPU.Build.0 = Debug|Any CPU
		{F7879077-63AF-4695-9925-98858AAE0AC0}.Release|Any CPU.ActiveCfg = Release|Any CPU
		{F7879077-63AF-4695-9925-98858AAE0AC0}.Release|Any CPU.Build.0 = Release|Any CPU
		{4E501F59-E67A-4752-9969-27793BB4E7B1}.Debug|Any CPU.ActiveCfg = Debug|Any CPU
		{4E501F59-E67A-4752-9969-27793BB4E7B1}.Debug|Any CPU.Build.0 = Debug|Any CPU
		{4E501F59-E67A-4752-9969-27793BB4E7B1}.Release|Any CPU.ActiveCfg = Release|Any CPU
		{4E501F59-E67A-4752-9969-27793BB4E7B1}.Release|Any CPU.Build.0 = Release|Any CPU
		{1A587777-3019-4A89-8D3F-6984227480CC}.Debug|Any CPU.ActiveCfg = Debug|Any CPU
		{1A587777-3019-4A89-8D3F-6984227480CC}.Debug|Any CPU.Build.0 = Debug|Any CPU
		{1A587777-3019-4A89-8D3F-6984227480CC}.Release|Any CPU.ActiveCfg = Release|Any CPU
		{1A587777-3019-4A89-8D3F-6984227480CC}.Release|Any CPU.Build.0 = Release|Any CPU
		{352654B5-5984-457B-97A1-26ABB56A505C}.Debug|Any CPU.ActiveCfg = Debug|Any CPU
		{352654B5-5984-457B-97A1-26ABB56A505C}.Debug|Any CPU.Build.0 = Debug|Any CPU
		{352654B5-5984-457B-97A1-26ABB56A505C}.Release|Any CPU.ActiveCfg = Release|Any CPU
		{352654B5-5984-457B-97A1-26ABB56A505C}.Release|Any CPU.Build.0 = Release|Any CPU
	EndGlobalSection
	GlobalSection(SolutionProperties) = preSolution
		HideSolutionNode = FALSE
	EndGlobalSection
	GlobalSection(ExtensibilityGlobals) = postSolution
		SolutionGuid = {6539E8AC-D800-4683-B2D4-24810EB5CD8D}
	EndGlobalSection
EndGlobal
