
Microsoft Visual Studio Solution File, Format Version 12.00
# Visual Studio Version 17
VisualStudioVersion = 17.14.36429.23 d17.14
MinimumVisualStudioVersion = 10.0.40219.1
Project("{FAE04EC0-301F-11D3-BF4B-00C04F79EFBC}") = "Laboratorio6", "Laboratorio6\Laboratorio6.csproj", "{FB638122-33A2-4E2D-B590-75C26F331854}"
EndProject
Project("{FAE04EC0-301F-11D3-BF4B-00C04F79EFBC}") = "Laboratorio62", "Laboratorio61\Laboratorio62.csproj", "{B1AB4645-4D07-4E04-BAEB-BDEF67BB88B9}"
EndProject
Project("{FAE04EC0-301F-11D3-BF4B-00C04F79EFBC}") = "Laboratorio63", "Laboratorio63\Laboratorio63.csproj", "{2F74D5B0-1C00-4C94-9953-EEB842461A60}"
EndProject
Project("{FAE04EC0-301F-11D3-BF4B-00C04F79EFBC}") = "Laboratorio64", "Laboratorio64\Laboratorio64.csproj", "{7FFD2449-2BD1-4BD9-AF60-065F6976EB2A}"
EndProject
Global
	GlobalSection(SolutionConfigurationPlatforms) = preSolution
		Debug|Any CPU = Debug|Any CPU
		Release|Any CPU = Release|Any CPU
	EndGlobalSection
	GlobalSection(ProjectConfigurationPlatforms) = postSolution
		{FB638122-33A2-4E2D-B590-75C26F331854}.Debug|Any CPU.ActiveCfg = Debug|Any CPU
		{FB638122-33A2-4E2D-B590-75C26F331854}.Debug|Any CPU.Build.0 = Debug|Any CPU
		{FB638122-33A2-4E2D-B590-75C26F331854}.Release|Any CPU.ActiveCfg = Release|Any CPU
		{FB638122-33A2-4E2D-B590-75C26F331854}.Release|Any CPU.Build.0 = Release|Any CPU
		{B1AB4645-4D07-4E04-BAEB-BDEF67BB88B9}.Debug|Any CPU.ActiveCfg = Debug|Any CPU
		{B1AB4645-4D07-4E04-BAEB-BDEF67BB88B9}.Debug|Any CPU.Build.0 = Debug|Any CPU
		{B1AB4645-4D07-4E04-BAEB-BDEF67BB88B9}.Release|Any CPU.ActiveCfg = Release|Any CPU
		{B1AB4645-4D07-4E04-BAEB-BDEF67BB88B9}.Release|Any CPU.Build.0 = Release|Any CPU
		{2F74D5B0-1C00-4C94-9953-EEB842461A60}.Debug|Any CPU.ActiveCfg = Debug|Any CPU
		{2F74D5B0-1C00-4C94-9953-EEB842461A60}.Debug|Any CPU.Build.0 = Debug|Any CPU
		{2F74D5B0-1C00-4C94-9953-EEB842461A60}.Release|Any CPU.ActiveCfg = Release|Any CPU
		{2F74D5B0-1C00-4C94-9953-EEB842461A60}.Release|Any CPU.Build.0 = Release|Any CPU
		{7FFD2449-2BD1-4BD9-AF60-065F6976EB2A}.Debug|Any CPU.ActiveCfg = Debug|Any CPU
		{7FFD2449-2BD1-4BD9-AF60-065F6976EB2A}.Debug|Any CPU.Build.0 = Debug|Any CPU
		{7FFD2449-2BD1-4BD9-AF60-065F6976EB2A}.Release|Any CPU.ActiveCfg = Release|Any CPU
		{7FFD2449-2BD1-4BD9-AF60-065F6976EB2A}.Release|Any CPU.Build.0 = Release|Any CPU
	EndGlobalSection
	GlobalSection(SolutionProperties) = preSolution
		HideSolutionNode = FALSE
	EndGlobalSection
	GlobalSection(ExtensibilityGlobals) = postSolution
		SolutionGuid = {0CE3F493-0F28-4C7E-BDF0-E1BF5AC633DB}
	EndGlobalSection
EndGlobal
