
Microsoft Visual Studio Solution File, Format Version 12.00
# Visual Studio Version 17
VisualStudioVersion = 17.11.35327.3
MinimumVisualStudioVersion = 10.0.40219.1
Project("{FAE04EC0-301F-11D3-BF4B-00C04F79EFBC}") = "Laboratorio12", "Laboratorio12\Laboratorio12.csproj", "{AA7F5B0D-E40C-4C43-BAA0-520B6C7B04F4}"
EndProject
Global
	GlobalSection(SolutionConfigurationPlatforms) = preSolution
		Debug|Any CPU = Debug|Any CPU
		Release|Any CPU = Release|Any CPU
	EndGlobalSection
	GlobalSection(ProjectConfigurationPlatforms) = postSolution
		{AA7F5B0D-E40C-4C43-BAA0-520B6C7B04F4}.Debug|Any CPU.ActiveCfg = Debug|Any CPU
		{AA7F5B0D-E40C-4C43-BAA0-520B6C7B04F4}.Debug|Any CPU.Build.0 = Debug|Any CPU
		{AA7F5B0D-E40C-4C43-BAA0-520B6C7B04F4}.Release|Any CPU.ActiveCfg = Release|Any CPU
		{AA7F5B0D-E40C-4C43-BAA0-520B6C7B04F4}.Release|Any CPU.Build.0 = Release|Any CPU
	EndGlobalSection
	GlobalSection(SolutionProperties) = preSolution
		HideSolutionNode = FALSE
	EndGlobalSection
	GlobalSection(ExtensibilityGlobals) = postSolution
		SolutionGuid = {A4CC10E9-7BCB-4B8C-B5C2-A8FC54DA23A1}
	EndGlobalSection
EndGlobal
