
Microsoft Visual Studio Solution File, Format Version 12.00
# Visual Studio Version 17
VisualStudioVersion = 17.14.36603.0
MinimumVisualStudioVersion = 10.0.40219.1
Project("{FAE04EC0-301F-11D3-BF4B-00C04F79EFBC}") = "Laboratorio18", "Laboratorio181\Laboratorio18.csproj", "{C130D59A-D0AE-4E36-AEFD-9155C20E66BA}"
EndProject
Global
	GlobalSection(SolutionConfigurationPlatforms) = preSolution
		Debug|Any CPU = Debug|Any CPU
		Release|Any CPU = Release|Any CPU
	EndGlobalSection
	GlobalSection(ProjectConfigurationPlatforms) = postSolution
		{C130D59A-D0AE-4E36-AEFD-9155C20E66BA}.Debug|Any CPU.ActiveCfg = Debug|Any CPU
		{C130D59A-D0AE-4E36-AEFD-9155C20E66BA}.Debug|Any CPU.Build.0 = Debug|Any CPU
		{C130D59A-D0AE-4E36-AEFD-9155C20E66BA}.Release|Any CPU.ActiveCfg = Release|Any CPU
		{C130D59A-D0AE-4E36-AEFD-9155C20E66BA}.Release|Any CPU.Build.0 = Release|Any CPU
	EndGlobalSection
	GlobalSection(SolutionProperties) = preSolution
		HideSolutionNode = FALSE
	EndGlobalSection
	GlobalSection(ExtensibilityGlobals) = postSolution
		SolutionGuid = {63E31E72-972F-40B3-9F44-2841EC9090B7}
	EndGlobalSection
EndGlobal
