
Microsoft Visual Studio Solution File, Format Version 12.00
# Visual Studio Version 17
VisualStudioVersion = 17.14.36429.23 d17.14
MinimumVisualStudioVersion = 10.0.40219.1
Project("{FAE04EC0-301F-11D3-BF4B-00C04F79EFBC}") = "Laboratorio1", "Laboratorio1\Laboratorio1.csproj", "{3BA98DFE-2881-4C37-87CD-C67AA305E316}"
EndProject
Global
	GlobalSection(SolutionConfigurationPlatforms) = preSolution
		Debug|Any CPU = Debug|Any CPU
		Release|Any CPU = Release|Any CPU
	EndGlobalSection
	GlobalSection(ProjectConfigurationPlatforms) = postSolution
		{3BA98DFE-2881-4C37-87CD-C67AA305E316}.Debug|Any CPU.ActiveCfg = Debug|Any CPU
		{3BA98DFE-2881-4C37-87CD-C67AA305E316}.Debug|Any CPU.Build.0 = Debug|Any CPU
		{3BA98DFE-2881-4C37-87CD-C67AA305E316}.Release|Any CPU.ActiveCfg = Release|Any CPU
		{3BA98DFE-2881-4C37-87CD-C67AA305E316}.Release|Any CPU.Build.0 = Release|Any CPU
	EndGlobalSection
	GlobalSection(SolutionProperties) = preSolution
		HideSolutionNode = FALSE
	EndGlobalSection
	GlobalSection(ExtensibilityGlobals) = postSolution
		SolutionGuid = {29DECF00-9151-4F3A-8394-3C15FC7B6736}
	EndGlobalSection
EndGlobal
